// !$*UTF8*$!
{
	archiveVersion = 1;
	classes = {
	};
	objectVersion = 56;
	objects = {

/* Begin PBXBuildFile section */
		11A8536C2C5FB9D800509E5D /* AppleTutorialApp.swift in Sources */ = {isa = PBXBuildFile; fileRef = 11A8536B2C5FB9D800509E5D /* AppleTutorialApp.swift */; };
		11A8536E2C5FB9D800509E5D /* ContentView.swift in Sources */ = {isa = PBXBuildFile; fileRef = 11A8536D2C5FB9D800509E5D /* ContentView.swift */; };
		11A853702C5FB9DA00509E5D /* Assets.xcassets in Resources */ = {isa = PBXBuildFile; fileRef = 11A8536F2C5FB9DA00509E5D /* Assets.xcassets */; };
		11A853732C5FB9DA00509E5D /* Preview Assets.xcassets in Resources */ = {isa = PBXBuildFile; fileRef = 11A853722C5FB9DA00509E5D /* Preview Assets.xcassets */; };
		11A8537D2C5FB9DA00509E5D /* AppleTutorialTests.swift in Sources */ = {isa = PBXBuildFile; fileRef = 11A8537C2C5FB9DA00509E5D /* AppleTutorialTests.swift */; };
		11A853872C5FB9DA00509E5D /* AppleTutorialUITests.swift in Sources */ = {isa = PBXBuildFile; fileRef = 11A853862C5FB9DA00509E5D /* AppleTutorialUITests.swift */; };
		11A853892C5FB9DA00509E5D /* AppleTutorialUITestsLaunchTests.swift in Sources */ = {isa = PBXBuildFile; fileRef = 11A853882C5FB9DA00509E5D /* AppleTutorialUITestsLaunchTests.swift */; };
		11CBA0532C662C9C00773930 /* Friend.swift in Sources */ = {isa = PBXBuildFile; fileRef = 11CBA0522C662C9C00773930 /* Friend.swift */; };
/* End PBXBuildFile section */

/* Begin PBXContainerItemProxy section */
		11A853792C5FB9DA00509E5D /* PBXContainerItemProxy */ = {
			isa = PBXContainerItemProxy;
			containerPortal = 11A853602C5FB9D800509E5D /* Project object */;
			proxyType = 1;
			remoteGlobalIDString = 11A853672C5FB9D800509E5D;
			remoteInfo = AppleTutorial;
		};
		11A853832C5FB9DA00509E5D /* PBXContainerItemProxy */ = {
			isa = PBXContainerItemProxy;
			containerPortal = 11A853602C5FB9D800509E5D /* Project object */;
			proxyType = 1;
			remoteGlobalIDString = 11A853672C5FB9D800509E5D;
			remoteInfo = AppleTutorial;
		};
/* End PBXContainerItemProxy section */

/* Begin PBXFileReference section */
		11A853682C5FB9D800509E5D /* AppleTutorial.app */ = {isa = PBXFileReference; explicitFileType = wrapper.application; includeInIndex = 0; path = AppleTutorial.app; sourceTree = BUILT_PRODUCTS_DIR; };
		11A8536B2C5FB9D800509E5D /* AppleTutorialApp.swift */ = {isa = PBXFileReference; lastKnownFileType = sourcecode.swift; path = AppleTutorialApp.swift; sourceTree = "<group>"; };
		11A8536D2C5FB9D800509E5D /* ContentView.swift */ = {isa = PBXFileReference; lastKnownFileType = sourcecode.swift; path = ContentView.swift; sourceTree = "<group>"; };
		11A8536F2C5FB9DA00509E5D /* Assets.xcassets */ = {isa = PBXFileReference; lastKnownFileType = folder.assetcatalog; path = Assets.xcassets; sourceTree = "<group>"; };
		11A853722C5FB9DA00509E5D /* Preview Assets.xcassets */ = {isa = PBXFileReference; lastKnownFileType = folder.assetcatalog; path = "Preview Assets.xcassets"; sourceTree = "<group>"; };
		11A853782C5FB9DA00509E5D /* AppleTutorialTests.xctest */ = {isa = PBXFileReference; explicitFileType = wrapper.cfbundle; includeInIndex = 0; path = AppleTutorialTests.xctest; sourceTree = BUILT_PRODUCTS_DIR; };
		11A8537C2C5FB9DA00509E5D /* AppleTutorialTests.swift */ = {isa = PBXFileReference; lastKnownFileType = sourcecode.swift; path = AppleTutorialTests.swift; sourceTree = "<group>"; };
		11A853822C5FB9DA00509E5D /* AppleTutorialUITests.xctest */ = {isa = PBXFileReference; explicitFileType = wrapper.cfbundle; includeInIndex = 0; path = AppleTutorialUITests.xctest; sourceTree = BUILT_PRODUCTS_DIR; };
		11A853862C5FB9DA00509E5D /* AppleTutorialUITests.swift */ = {isa = PBXFileReference; lastKnownFileType = sourcecode.swift; path = AppleTutorialUITests.swift; sourceTree = "<group>"; };
		11A853882C5FB9DA00509E5D /* AppleTutorialUITestsLaunchTests.swift */ = {isa = PBXFileReference; lastKnownFileType = sourcecode.swift; path = AppleTutorialUITestsLaunchTests.swift; sourceTree = "<group>"; };
		11CBA0522C662C9C00773930 /* Friend.swift */ = {isa = PBXFileReference; lastKnownFileType = sourcecode.swift; path = Friend.swift; sourceTree = "<group>"; };
/* End PBXFileReference section */

/* Begin PBXFrameworksBuildPhase section */
		11A853652C5FB9D800509E5D /* Frameworks */ = {
			isa = PBXFrameworksBuildPhase;
			buildActionMask = 2147483647;
			files = (
			);
			runOnlyForDeploymentPostprocessing = 0;
		};
		11A853752C5FB9DA00509E5D /* Frameworks */ = {
			isa = PBXFrameworksBuildPhase;
			buildActionMask = 2147483647;
			files = (
			);
			runOnlyForDeploymentPostprocessing = 0;
		};
		11A8537F2C5FB9DA00509E5D /* Frameworks */ = {
			isa = PBXFrameworksBuildPhase;
			buildActionMask = 2147483647;
			files = (
			);
			runOnlyForDeploymentPostprocessing = 0;
		};
/* End PBXFrameworksBuildPhase section */

/* Begin PBXGroup section */
		11A8535F2C5FB9D800509E5D = {
			isa = PBXGroup;
			children = (
				11A8536A2C5FB9D800509E5D /* AppleTutorial */,
				11A8537B2C5FB9DA00509E5D /* AppleTutorialTests */,
				11A853852C5FB9DA00509E5D /* AppleTutorialUITests */,
				11A853692C5FB9D800509E5D /* Products */,
			);
			sourceTree = "<group>";
		};
		11A853692C5FB9D800509E5D /* Products */ = {
			isa = PBXGroup;
			children = (
				11A853682C5FB9D800509E5D /* AppleTutorial.app */,
				11A853782C5FB9DA00509E5D /* AppleTutorialTests.xctest */,
				11A853822C5FB9DA00509E5D /* AppleTutorialUITests.xctest */,
			);
			name = Products;
			sourceTree = "<group>";
		};
		11A8536A2C5FB9D800509E5D /* AppleTutorial */ = {
			isa = PBXGroup;
			children = (
				11A8536B2C5FB9D800509E5D /* AppleTutorialApp.swift */,
				11A8536D2C5FB9D800509E5D /* ContentView.swift */,
				11CBA0522C662C9C00773930 /* Friend.swift */,
				11A8536F2C5FB9DA00509E5D /* Assets.xcassets */,
				11A853712C5FB9DA00509E5D /* Preview Content */,
			);
			path = AppleTutorial;
			sourceTree = "<group>";
		};
		11A853712C5FB9DA00509E5D /* Preview Content */ = {
			isa = PBXGroup;
			children = (
				11A853722C5FB9DA00509E5D /* Preview Assets.xcassets */,
			);
			path = "Preview Content";
			sourceTree = "<group>";
		};
		11A8537B2C5FB9DA00509E5D /* AppleTutorialTests */ = {
			isa = PBXGroup;
			children = (
				11A8537C2C5FB9DA00509E5D /* AppleTutorialTests.swift */,
			);
			path = AppleTutorialTests;
			sourceTree = "<group>";
		};
		11A853852C5FB9DA00509E5D /* AppleTutorialUITests */ = {
			isa = PBXGroup;
			children = (
				11A853862C5FB9DA00509E5D /* AppleTutorialUITests.swift */,
				11A853882C5FB9DA00509E5D /* AppleTutorialUITestsLaunchTests.swift */,
			);
			path = AppleTutorialUITests;
			sourceTree = "<group>";
		};
/* End PBXGroup section */

/* Begin PBXNativeTarget section */
		11A853672C5FB9D800509E5D /* AppleTutorial */ = {
			isa = PBXNativeTarget;
			buildConfigurationList = 11A8538C2C5FB9DA00509E5D /* Build configuration list for PBXNativeTarget "AppleTutorial" */;
			buildPhases = (
				11A853642C5FB9D800509E5D /* Sources */,
				11A853652C5FB9D800509E5D /* Frameworks */,
				11A853662C5FB9D800509E5D /* Resources */,
			);
			buildRules = (
			);
			dependencies = (
			);
			name = AppleTutorial;
			productName = AppleTutorial;
			productReference = 11A853682C5FB9D800509E5D /* AppleTutorial.app */;
			productType = "com.apple.product-type.application";
		};
		11A853772C5FB9DA00509E5D /* AppleTutorialTests */ = {
			isa = PBXNativeTarget;
			buildConfigurationList = 11A8538F2C5FB9DA00509E5D /* Build configuration list for PBXNativeTarget "AppleTutorialTests" */;
			buildPhases = (
				11A853742C5FB9DA00509E5D /* Sources */,
				11A853752C5FB9DA00509E5D /* Frameworks */,
				11A853762C5FB9DA00509E5D /* Resources */,
			);
			buildRules = (
			);
			dependencies = (
				11A8537A2C5FB9DA00509E5D /* PBXTargetDependency */,
			);
			name = AppleTutorialTests;
			productName = AppleTutorialTests;
			productReference = 11A853782C5FB9DA00509E5D /* AppleTutorialTests.xctest */;
			productType = "com.apple.product-type.bundle.unit-test";
		};
		11A853812C5FB9DA00509E5D /* AppleTutorialUITests */ = {
			isa = PBXNativeTarget;
			buildConfigurationList = 11A853922C5FB9DA00509E5D /* Build configuration list for PBXNativeTarget "AppleTutorialUITests" */;
			buildPhases = (
				11A8537E2C5FB9DA00509E5D /* Sources */,
				11A8537F2C5FB9DA00509E5D /* Frameworks */,
				11A853802C5FB9DA00509E5D /* Resources */,
			);
			buildRules = (
			);
			dependencies = (
				11A853842C5FB9DA00509E5D /* PBXTargetDependency */,
			);
			name = AppleTutorialUITests;
			productName = AppleTutorialUITests;
			productReference = 11A853822C5FB9DA00509E5D /* AppleTutorialUITests.xctest */;
			productType = "com.apple.product-type.bundle.ui-testing";
		};
/* End PBXNativeTarget section */

/* Begin PBXProject section */
		11A853602C5FB9D800509E5D /* Project object */ = {
			isa = PBXProject;
			attributes = {
				BuildIndependentTargetsInParallel = 1;
				LastSwiftUpdateCheck = 1530;
				LastUpgradeCheck = 1530;
				TargetAttributes = {
					11A853672C5FB9D800509E5D = {
						CreatedOnToolsVersion = 15.3;
					};
					11A853772C5FB9DA00509E5D = {
						CreatedOnToolsVersion = 15.3;
						TestTargetID = 11A853672C5FB9D800509E5D;
					};
					11A853812C5FB9DA00509E5D = {
						CreatedOnToolsVersion = 15.3;
						TestTargetID = 11A853672C5FB9D800509E5D;
					};
				};
			};
			buildConfigurationList = 11A853632C5FB9D800509E5D /* Build configuration list for PBXProject "AppleTutorial" */;
			compatibilityVersion = "Xcode 14.0";
			developmentRegion = en;
			hasScannedForEncodings = 0;
			knownRegions = (
				en,
				Base,
			);
			mainGroup = 11A8535F2C5FB9D800509E5D;
			productRefGroup = 11A853692C5FB9D800509E5D /* Products */;
			projectDirPath = "";
			projectRoot = "";
			targets = (
				11A853672C5FB9D800509E5D /* AppleTutorial */,
				11A853772C5FB9DA00509E5D /* AppleTutorialTests */,
				11A853812C5FB9DA00509E5D /* AppleTutorialUITests */,
			);
		};
/* End PBXProject section */

/* Begin PBXResourcesBuildPhase section */
		11A853662C5FB9D800509E5D /* Resources */ = {
			isa = PBXResourcesBuildPhase;
			buildActionMask = 2147483647;
			files = (
				11A853732C5FB9DA00509E5D /* Preview Assets.xcassets in Resources */,
				11A853702C5FB9DA00509E5D /* Assets.xcassets in Resources */,
			);
			runOnlyForDeploymentPostprocessing = 0;
		};
		11A853762C5FB9DA00509E5D /* Resources */ = {
			isa = PBXResourcesBuildPhase;
			buildActionMask = 2147483647;
			files = (
			);
			runOnlyForDeploymentPostprocessing = 0;
		};
		11A853802C5FB9DA00509E5D /* Resources */ = {
			isa = PBXResourcesBuildPhase;
			buildActionMask = 2147483647;
			files = (
			);
			runOnlyForDeploymentPostprocessing = 0;
		};
/* End PBXResourcesBuildPhase section */

/* Begin PBXSourcesBuildPhase section */
		11A853642C5FB9D800509E5D /* Sources */ = {
			isa = PBXSourcesBuildPhase;
			buildActionMask = 2147483647;
			files = (
				11CBA0532C662C9C00773930 /* Friend.swift in Sources */,
				11A8536E2C5FB9D800509E5D /* ContentView.swift in Sources */,
				11A8536C2C5FB9D800509E5D /* AppleTutorialApp.swift in Sources */,
			);
			runOnlyForDeploymentPostprocessing = 0;
		};
		11A853742C5FB9DA00509E5D /* Sources */ = {
			isa = PBXSourcesBuildPhase;
			buildActionMask = 2147483647;
			files = (
				11A8537D2C5FB9DA00509E5D /* AppleTutorialTests.swift in Sources */,
			);
			runOnlyForDeploymentPostprocessing = 0;
		};
		11A8537E2C5FB9DA00509E5D /* Sources */ = {
			isa = PBXSourcesBuildPhase;
			buildActionMask = 2147483647;
			files = (
				11A853872C5FB9DA00509E5D /* AppleTutorialUITests.swift in Sources */,
				11A853892C5FB9DA00509E5D /* AppleTutorialUITestsLaunchTests.swift in Sources */,
			);
			runOnlyForDeploymentPostprocessing = 0;
		};
/* End PBXSourcesBuildPhase section */

/* Begin PBXTargetDependency section */
		11A8537A2C5FB9DA00509E5D /* PBXTargetDependency */ = {
			isa = PBXTargetDependency;
			target = 11A853672C5FB9D800509E5D /* AppleTutorial */;
			targetProxy = 11A853792C5FB9DA00509E5D /* PBXContainerItemProxy */;
		};
		11A853842C5FB9DA00509E5D /* PBXTargetDependency */ = {
			isa = PBXTargetDependency;
			target = 11A853672C5FB9D800509E5D /* AppleTutorial */;
			targetProxy = 11A853832C5FB9DA00509E5D /* PBXContainerItemProxy */;
		};
/* End PBXTargetDependency section */

/* Begin XCBuildConfiguration section */
		11A8538A2C5FB9DA00509E5D /* Debug */ = {
			isa = XCBuildConfiguration;
			buildSettings = {
				ALWAYS_SEARCH_USER_PATHS = NO;
				ASSETCATALOG_COMPILER_GENERATE_SWIFT_ASSET_SYMBOL_EXTENSIONS = YES;
				CLANG_ANALYZER_NONNULL = YES;
				CLANG_ANALYZER_NUMBER_OBJECT_CONVERSION = YES_AGGRESSIVE;
				CLANG_CXX_LANGUAGE_STANDARD = "gnu++20";
				CLANG_ENABLE_MODULES = YES;
				CLANG_ENABLE_OBJC_ARC = YES;
				CLANG_ENABLE_OBJC_WEAK = YES;
				CLANG_WARN_BLOCK_CAPTURE_AUTORELEASING = YES;
				CLANG_WARN_BOOL_CONVERSION = YES;
				CLANG_WARN_COMMA = YES;
				CLANG_WARN_CONSTANT_CONVERSION = YES;
				CLANG_WARN_DEPRECATED_OBJC_IMPLEMENTATIONS = YES;
				CLANG_WARN_DIRECT_OBJC_ISA_USAGE = YES_ERROR;
				CLANG_WARN_DOCUMENTATION_COMMENTS = YES;
				CLANG_WARN_EMPTY_BODY = YES;
				CLANG_WARN_ENUM_CONVERSION = YES;
				CLANG_WARN_INFINITE_RECURSION = YES;
				CLANG_WARN_INT_CONVERSION = YES;
				CLANG_WARN_NON_LITERAL_NULL_CONVERSION = YES;
				CLANG_WARN_OBJC_IMPLICIT_RETAIN_SELF = YES;
				CLANG_WARN_OBJC_LITERAL_CONVERSION = YES;
				CLANG_WARN_OBJC_ROOT_CLASS = YES_ERROR;
				CLANG_WARN_QUOTED_INCLUDE_IN_FRAMEWORK_HEADER = YES;
				CLANG_WARN_RANGE_LOOP_ANALYSIS = YES;
				CLANG_WARN_STRICT_PROTOTYPES = YES;
				CLANG_WARN_SUSPICIOUS_MOVE = YES;
				CLANG_WARN_UNGUARDED_AVAILABILITY = YES_AGGRESSIVE;
				CLANG_WARN_UNREACHABLE_CODE = YES;
				CLANG_WARN__DUPLICATE_METHOD_MATCH = YES;
				COPY_PHASE_STRIP = NO;
				DEBUG_INFORMATION_FORMAT = dwarf;
				ENABLE_STRICT_OBJC_MSGSEND = YES;
				ENABLE_TESTABILITY = YES;
				ENABLE_USER_SCRIPT_SANDBOXING = YES;
				GCC_C_LANGUAGE_STANDARD = gnu17;
				GCC_DYNAMIC_NO_PIC = NO;
				GCC_NO_COMMON_BLOCKS = YES;
				GCC_OPTIMIZATION_LEVEL = 0;
				GCC_PREPROCESSOR_DEFINITIONS = (
					"DEBUG=1",
					"$(inherited)",
				);
				GCC_WARN_64_TO_32_BIT_CONVERSION = YES;
				GCC_WARN_ABOUT_RETURN_TYPE = YES_ERROR;
				GCC_WARN_UNDECLARED_SELECTOR = YES;
				GCC_WARN_UNINITIALIZED_AUTOS = YES_AGGRESSIVE;
				GCC_WARN_UNUSED_FUNCTION = YES;
				GCC_WARN_UNUSED_VARIABLE = YES;
				IPHONEOS_DEPLOYMENT_TARGET = 17.4;
				LOCALIZATION_PREFERS_STRING_CATALOGS = YES;
				MTL_ENABLE_DEBUG_INFO = INCLUDE_SOURCE;
				MTL_FAST_MATH = YES;
				ONLY_ACTIVE_ARCH = YES;
				SDKROOT = iphoneos;
				SWIFT_ACTIVE_COMPILATION_CONDITIONS = "DEBUG $(inherited)";
				SWIFT_OPTIMIZATION_LEVEL = "-Onone";
			};
			name = Debug;
		};
		11A8538B2C5FB9DA00509E5D /* Release */ = {
			isa = XCBuildConfiguration;
			buildSettings = {
				ALWAYS_SEARCH_USER_PATHS = NO;
				ASSETCATALOG_COMPILER_GENERATE_SWIFT_ASSET_SYMBOL_EXTENSIONS = YES;
				CLANG_ANALYZER_NONNULL = YES;
				CLANG_ANALYZER_NUMBER_OBJECT_CONVERSION = YES_AGGRESSIVE;
				CLANG_CXX_LANGUAGE_STANDARD = "gnu++20";
				CLANG_ENABLE_MODULES = YES;
				CLANG_ENABLE_OBJC_ARC = YES;
				CLANG_ENABLE_OBJC_WEAK = YES;
				CLANG_WARN_BLOCK_CAPTURE_AUTORELEASING = YES;
				CLANG_WARN_BOOL_CONVERSION = YES;
				CLANG_WARN_COMMA = YES;
				CLANG_WARN_CONSTANT_CONVERSION = YES;
				CLANG_WARN_DEPRECATED_OBJC_IMPLEMENTATIONS = YES;
				CLANG_WARN_DIRECT_OBJC_ISA_USAGE = YES_ERROR;
				CLANG_WARN_DOCUMENTATION_COMMENTS = YES;
				CLANG_WARN_EMPTY_BODY = YES;
				CLANG_WARN_ENUM_CONVERSION = YES;
				CLANG_WARN_INFINITE_RECURSION = YES;
				CLANG_WARN_INT_CONVERSION = YES;
				CLANG_WARN_NON_LITERAL_NULL_CONVERSION = YES;
				CLANG_WARN_OBJC_IMPLICIT_RETAIN_SELF = YES;
				CLANG_WARN_OBJC_LITERAL_CONVERSION = YES;
				CLANG_WARN_OBJC_ROOT_CLASS = YES_ERROR;
				CLANG_WARN_QUOTED_INCLUDE_IN_FRAMEWORK_HEADER = YES;
				CLANG_WARN_RANGE_LOOP_ANALYSIS = YES;
				CLANG_WARN_STRICT_PROTOTYPES = YES;
				CLANG_WARN_SUSPICIOUS_MOVE = YES;
				CLANG_WARN_UNGUARDED_AVAILABILITY = YES_AGGRESSIVE;
				CLANG_WARN_UNREACHABLE_CODE = YES;
				CLANG_WARN__DUPLICATE_METHOD_MATCH = YES;
				COPY_PHASE_STRIP = NO;
				DEBUG_INFORMATION_FORMAT = "dwarf-with-dsym";
				ENABLE_NS_ASSERTIONS = NO;
				ENABLE_STRICT_OBJC_MSGSEND = YES;
				ENABLE_USER_SCRIPT_SANDBOXING = YES;
				GCC_C_LANGUAGE_STANDARD = gnu17;
				GCC_NO_COMMON_BLOCKS = YES;
				GCC_WARN_64_TO_32_BIT_CONVERSION = YES;
				GCC_WARN_ABOUT_RETURN_TYPE = YES_ERROR;
				GCC_WARN_UNDECLARED_SELECTOR = YES;
				GCC_WARN_UNINITIALIZED_AUTOS = YES_AGGRESSIVE;
				GCC_WARN_UNUSED_FUNCTION = YES;
				GCC_WARN_UNUSED_VARIABLE = YES;
				IPHONEOS_DEPLOYMENT_TARGET = 17.4;
				LOCALIZATION_PREFERS_STRING_CATALOGS = YES;
				MTL_ENABLE_DEBUG_INFO = NO;
				MTL_FAST_MATH = YES;
				SDKROOT = iphoneos;
				SWIFT_COMPILATION_MODE = wholemodule;
				VALIDATE_PRODUCT = YES;
			};
			name = Release;
		};
		11A8538D2C5FB9DA00509E5D /* Debug */ = {
			isa = XCBuildConfiguration;
			buildSettings = {
				ASSETCATALOG_COMPILER_APPICON_NAME = AppIcon;
				ASSETCATALOG_COMPILER_GLOBAL_ACCENT_COLOR_NAME = AccentColor;
				CODE_SIGN_STYLE = Automatic;
				CURRENT_PROJECT_VERSION = 1;
				DEVELOPMENT_ASSET_PATHS = "\"AppleTutorial/Preview Content\"";
				DEVELOPMENT_TEAM = ASQJ436297;
				ENABLE_PREVIEWS = YES;
				GENERATE_INFOPLIST_FILE = YES;
				INFOPLIST_KEY_UIApplicationSceneManifest_Generation = YES;
				INFOPLIST_KEY_UIApplicationSupportsIndirectInputEvents = YES;
				INFOPLIST_KEY_UILaunchScreen_Generation = YES;
				INFOPLIST_KEY_UISupportedInterfaceOrientations_iPad = "UIInterfaceOrientationPortrait UIInterfaceOrientationPortraitUpsideDown UIInterfaceOrientationLandscapeLeft UIInterfaceOrientationLandscapeRight";
				INFOPLIST_KEY_UISupportedInterfaceOrientations_iPhone = "UIInterfaceOrientationPortrait UIInterfaceOrientationLandscapeLeft UIInterfaceOrientationLandscapeRight";
				LD_RUNPATH_SEARCH_PATHS = (
					"$(inherited)",
					"@executable_path/Frameworks",
				);
				MARKETING_VERSION = 1.0;
				PRODUCT_BUNDLE_IDENTIFIER = io.tanmaydabhade.AppleTutorial;
				PRODUCT_NAME = "$(TARGET_NAME)";
				SWIFT_EMIT_LOC_STRINGS = YES;
				SWIFT_VERSION = 5.0;
				TARGETED_DEVICE_FAMILY = "1,2";
			};
			name = Debug;
		};
		11A8538E2C5FB9DA00509E5D /* Release */ = {
			isa = XCBuildConfiguration;
			buildSettings = {
				ASSETCATALOG_COMPILER_APPICON_NAME = AppIcon;
				ASSETCATALOG_COMPILER_GLOBAL_ACCENT_COLOR_NAME = AccentColor;
				CODE_SIGN_STYLE = Automatic;
				CURRENT_PROJECT_VERSION = 1;
				DEVELOPMENT_ASSET_PATHS = "\"AppleTutorial/Preview Content\"";
				DEVELOPMENT_TEAM = ASQJ436297;
				ENABLE_PREVIEWS = YES;
				GENERATE_INFOPLIST_FILE = YES;
				INFOPLIST_KEY_UIApplicationSceneManifest_Generation = YES;
				INFOPLIST_KEY_UIApplicationSupportsIndirectInputEvents = YES;
				INFOPLIST_KEY_UILaunchScreen_Generation = YES;
				INFOPLIST_KEY_UISupportedInterfaceOrientations_iPad = "UIInterfaceOrientationPortrait UIInterfaceOrientationPortraitUpsideDown UIInterfaceOrientationLandscapeLeft UIInterfaceOrientationLandscapeRight";
				INFOPLIST_KEY_UISupportedInterfaceOrientations_iPhone = "UIInterfaceOrientationPortrait UIInterfaceOrientationLandscapeLeft UIInterfaceOrientationLandscapeRight";
				LD_RUNPATH_SEARCH_PATHS = (
					"$(inherited)",
					"@executable_path/Frameworks",
				);
				MARKETING_VERSION = 1.0;
				PRODUCT_BUNDLE_IDENTIFIER = io.tanmaydabhade.AppleTutorial;
				PRODUCT_NAME = "$(TARGET_NAME)";
				SWIFT_EMIT_LOC_STRINGS = YES;
				SWIFT_VERSION = 5.0;
				TARGETED_DEVICE_FAMILY = "1,2";
			};
			name = Release;
		};
		11A853902C5FB9DA00509E5D /* Debug */ = {
			isa = XCBuildConfiguration;
			buildSettings = {
				ALWAYS_EMBED_SWIFT_STANDARD_LIBRARIES = YES;
				BUNDLE_LOADER = "$(TEST_HOST)";
				CODE_SIGN_STYLE = Automatic;
				CURRENT_PROJECT_VERSION = 1;
				DEVELOPMENT_TEAM = ASQJ436297;
				GENERATE_INFOPLIST_FILE = YES;
				IPHONEOS_DEPLOYMENT_TARGET = 17.4;
				MARKETING_VERSION = 1.0;
				PRODUCT_BUNDLE_IDENTIFIER = io.tanmaydabhade.AppleTutorialTests;
				PRODUCT_NAME = "$(TARGET_NAME)";
				SWIFT_EMIT_LOC_STRINGS = NO;
				SWIFT_VERSION = 5.0;
				TARGETED_DEVICE_FAMILY = "1,2";
				TEST_HOST = "$(BUILT_PRODUCTS_DIR)/AppleTutorial.app/$(BUNDLE_EXECUTABLE_FOLDER_PATH)/AppleTutorial";
			};
			name = Debug;
		};
		11A853912C5FB9DA00509E5D /* Release */ = {
			isa = XCBuildConfiguration;
			buildSettings = {
				ALWAYS_EMBED_SWIFT_STANDARD_LIBRARIES = YES;
				BUNDLE_LOADER = "$(TEST_HOST)";
				CODE_SIGN_STYLE = Automatic;
				CURRENT_PROJECT_VERSION = 1;
				DEVELOPMENT_TEAM = ASQJ436297;
				GENERATE_INFOPLIST_FILE = YES;
				IPHONEOS_DEPLOYMENT_TARGET = 17.4;
				MARKETING_VERSION = 1.0;
				PRODUCT_BUNDLE_IDENTIFIER = io.tanmaydabhade.AppleTutorialTests;
				PRODUCT_NAME = "$(TARGET_NAME)";
				SWIFT_EMIT_LOC_STRINGS = NO;
				SWIFT_VERSION = 5.0;
				TARGETED_DEVICE_FAMILY = "1,2";
				TEST_HOST = "$(BUILT_PRODUCTS_DIR)/AppleTutorial.app/$(BUNDLE_EXECUTABLE_FOLDER_PATH)/AppleTutorial";
			};
			name = Release;
		};
		11A853932C5FB9DA00509E5D /* Debug */ = {
			isa = XCBuildConfiguration;
			buildSettings = {
				ALWAYS_EMBED_SWIFT_STANDARD_LIBRARIES = YES;
				CODE_SIGN_STYLE = Automatic;
				CURRENT_PROJECT_VERSION = 1;
				DEVELOPMENT_TEAM = ASQJ436297;
				GENERATE_INFOPLIST_FILE = YES;
				MARKETING_VERSION = 1.0;
				PRODUCT_BUNDLE_IDENTIFIER = io.tanmaydabhade.AppleTutorialUITests;
				PRODUCT_NAME = "$(TARGET_NAME)";
				SWIFT_EMIT_LOC_STRINGS = NO;
				SWIFT_VERSION = 5.0;
				TARGETED_DEVICE_FAMILY = "1,2";
				TEST_TARGET_NAME = AppleTutorial;
			};
			name = Debug;
		};
		11A853942C5FB9DA00509E5D /* Release */ = {
			isa = XCBuildConfiguration;
			buildSettings = {
				ALWAYS_EMBED_SWIFT_STANDARD_LIBRARIES = YES;
				CODE_SIGN_STYLE = Automatic;
				CURRENT_PROJECT_VERSION = 1;
				DEVELOPMENT_TEAM = ASQJ436297;
				GENERATE_INFOPLIST_FILE = YES;
				MARKETING_VERSION = 1.0;
				PRODUCT_BUNDLE_IDENTIFIER = io.tanmaydabhade.AppleTutorialUITests;
				PRODUCT_NAME = "$(TARGET_NAME)";
				SWIFT_EMIT_LOC_STRINGS = NO;
				SWIFT_VERSION = 5.0;
				TARGETED_DEVICE_FAMILY = "1,2";
				TEST_TARGET_NAME = AppleTutorial;
			};
			name = Release;
		};
/* End XCBuildConfiguration section */

/* Begin XCConfigurationList section */
		11A853632C5FB9D800509E5D /* Build configuration list for PBXProject "AppleTutorial" */ = {
			isa = XCConfigurationList;
			buildConfigurations = (
				11A8538A2C5FB9DA00509E5D /* Debug */,
				11A8538B2C5FB9DA00509E5D /* Release */,
			);
			defaultConfigurationIsVisible = 0;
			defaultConfigurationName = Release;
		};
		11A8538C2C5FB9DA00509E5D /* Build configuration list for PBXNativeTarget "AppleTutorial" */ = {
			isa = XCConfigurationList;
			buildConfigurations = (
				11A8538D2C5FB9DA00509E5D /* Debug */,
				11A8538E2C5FB9DA00509E5D /* Release */,
			);
			defaultConfigurationIsVisible = 0;
			defaultConfigurationName = Release;
		};
		11A8538F2C5FB9DA00509E5D /* Build configuration list for PBXNativeTarget "AppleTutorialTests" */ = {
			isa = XCConfigurationList;
			buildConfigurations = (
				11A853902C5FB9DA00509E5D /* Debug */,
				11A853912C5FB9DA00509E5D /* Release */,
			);
			defaultConfigurationIsVisible = 0;
			defaultConfigurationName = Release;
		};
		11A853922C5FB9DA00509E5D /* Build configuration list for PBXNativeTarget "AppleTutorialUITests" */ = {
			isa = XCConfigurationList;
			buildConfigurations = (
				11A853932C5FB9DA00509E5D /* Debug */,
				11A853942C5FB9DA00509E5D /* Release */,
			);
			defaultConfigurationIsVisible = 0;
			defaultConfigurationName = Release;
		};
/* End XCConfigurationList section */
	};
	rootObject = 11A853602C5FB9D800509E5D /* Project object */;
}
